// !$*UTF8*$!
{
	archiveVersion = 1;
	classes = {
	};
	objectVersion = 46;
	objects = {

/* Begin PBXBuildFile section */
		073FC8DD1F23BB0A002408AB /* MessageTableViewCell.swift in Sources */ = {isa = PBXBuildFile; fileRef = 073FC8DC1F23BB0A002408AB /* MessageTableViewCell.swift */; };
		073FC8DF1F23BE61002408AB /* Message.swift in Sources */ = {isa = PBXBuildFile; fileRef = 073FC8DE1F23BE61002408AB /* Message.swift */; };
		073FC8E11F23C000002408AB /* DataService.swift in Sources */ = {isa = PBXBuildFile; fileRef = 073FC8E01F23C000002408AB /* DataService.swift */; };
		073FC8E31F23C1CC002408AB /* GoogleService-Info.plist in Resources */ = {isa = PBXBuildFile; fileRef = 073FC8E21F23C1CC002408AB /* GoogleService-Info.plist */; };
		07C4E0C51F23B585007291C5 /* AppDelegate.swift in Sources */ = {isa = PBXBuildFile; fileRef = 07C4E0C41F23B585007291C5 /* AppDelegate.swift */; };
		07C4E0C71F23B585007291C5 /* ViewController.swift in Sources */ = {isa = PBXBuildFile; fileRef = 07C4E0C61F23B585007291C5 /* ViewController.swift */; };
		07C4E0CA1F23B585007291C5 /* Main.storyboard in Resources */ = {isa = PBXBuildFile; fileRef = 07C4E0C81F23B585007291C5 /* Main.storyboard */; };
		07C4E0CC1F23B585007291C5 /* Assets.xcassets in Resources */ = {isa = PBXBuildFile; fileRef = 07C4E0CB1F23B585007291C5 /* Assets.xcassets */; };
		07C4E0CF1F23B585007291C5 /* LaunchScreen.storyboard in Resources */ = {isa = PBXBuildFile; fileRef = 07C4E0CD1F23B585007291C5 /* LaunchScreen.storyboard */; };
		BCCB0C60BAF8C743D477F12E /* Pods_FireBaseSortData.framework in Frameworks */ = {isa = PBXBuildFile; fileRef = 642A8716B84A0E2241CB98C1 /* Pods_FireBaseSortData.framework */; };
/* End PBXBuildFile section */

/* Begin PBXFileReference section */
		073FC8DC1F23BB0A002408AB /* MessageTableViewCell.swift */ = {isa = PBXFileReference; fileEncoding = 4; lastKnownFileType = sourcecode.swift; path = MessageTableViewCell.swift; sourceTree = "<group>"; };
		073FC8DE1F23BE61002408AB /* Message.swift */ = {isa = PBXFileReference; fileEncoding = 4; lastKnownFileType = sourcecode.swift; path = Message.swift; sourceTree = "<group>"; };
		073FC8E01F23C000002408AB /* DataService.swift */ = {isa = PBXFileReference; fileEncoding = 4; lastKnownFileType = sourcecode.swift; path = DataService.swift; sourceTree = "<group>"; };
		073FC8E21F23C1CC002408AB /* GoogleService-Info.plist */ = {isa = PBXFileReference; fileEncoding = 4; lastKnownFileType = text.plist.xml; path = "GoogleService-Info.plist"; sourceTree = "<group>"; };
		07C4E0C11F23B585007291C5 /* FireBaseSortData.app */ = {isa = PBXFileReference; explicitFileType = wrapper.application; includeInIndex = 0; path = FireBaseSortData.app; sourceTree = BUILT_PRODUCTS_DIR; };
		07C4E0C41F23B585007291C5 /* AppDelegate.swift */ = {isa = PBXFileReference; lastKnownFileType = sourcecode.swift; path = AppDelegate.swift; sourceTree = "<group>"; };
		07C4E0C61F23B585007291C5 /* ViewController.swift */ = {isa = PBXFileReference; lastKnownFileType = sourcecode.swift; path = ViewController.swift; sourceTree = "<group>"; };
		07C4E0C91F23B585007291C5 /* Base */ = {isa = PBXFileReference; lastKnownFileType = file.storyboard; name = Base; path = Base.lproj/Main.storyboard; sourceTree = "<group>"; };
		07C4E0CB1F23B585007291C5 /* Assets.xcassets */ = {isa = PBXFileReference; lastKnownFileType = folder.assetcatalog; path = Assets.xcassets; sourceTree = "<group>"; };
		07C4E0CE1F23B585007291C5 /* Base */ = {isa = PBXFileReference; lastKnownFileType = file.storyboard; name = Base; path = Base.lproj/LaunchScreen.storyboard; sourceTree = "<group>"; };
		07C4E0D01F23B585007291C5 /* Info.plist */ = {isa = PBXFileReference; lastKnownFileType = text.plist.xml; path = Info.plist; sourceTree = "<group>"; };
		26C1F48E59C52E174852C832 /* Pods-FireBaseSortData.release.xcconfig */ = {isa = PBXFileReference; includeInIndex = 1; lastKnownFileType = text.xcconfig; name = "Pods-FireBaseSortData.release.xcconfig"; path = "Pods/Target Support Files/Pods-FireBaseSortData/Pods-FireBaseSortData.release.xcconfig"; sourceTree = "<group>"; };
		642A8716B84A0E2241CB98C1 /* Pods_FireBaseSortData.framework */ = {isa = PBXFileReference; explicitFileType = wrapper.framework; includeInIndex = 0; path = Pods_FireBaseSortData.framework; sourceTree = BUILT_PRODUCTS_DIR; };
		BD58A22474333BB2288BCAFB /* Pods-FireBaseSortData.debug.xcconfig */ = {isa = PBXFileReference; includeInIndex = 1; lastKnownFileType = text.xcconfig; name = "Pods-FireBaseSortData.debug.xcconfig"; path = "Pods/Target Support Files/Pods-FireBaseSortData/Pods-FireBaseSortData.debug.xcconfig"; sourceTree = "<group>"; };
/* End PBXFileReference section */

/* Begin PBXFrameworksBuildPhase section */
		07C4E0BE1F23B585007291C5 /* Frameworks */ = {
			isa = PBXFrameworksBuildPhase;
			buildActionMask = 2147483647;
			files = (
				BCCB0C60BAF8C743D477F12E /* Pods_FireBaseSortData.framework in Frameworks */,
			);
			runOnlyForDeploymentPostprocessing = 0;
		};
/* End PBXFrameworksBuildPhase section */

/* Begin PBXGroup section */
		07C4E0B81F23B584007291C5 = {
			isa = PBXGroup;
			children = (
				07C4E0C31F23B585007291C5 /* FireBaseSortData */,
				07C4E0C21F23B585007291C5 /* Products */,
				94D4775E87A6735470080C4B /* Pods */,
				275C1CDC95F21F36FF9BA37F /* Frameworks */,
			);
			sourceTree = "<group>";
		};
		07C4E0C21F23B585007291C5 /* Products */ = {
			isa = PBXGroup;
			children = (
				07C4E0C11F23B585007291C5 /* FireBaseSortData.app */,
			);
			name = Products;
			sourceTree = "<group>";
		};
		07C4E0C31F23B585007291C5 /* FireBaseSortData */ = {
			isa = PBXGroup;
			children = (
				07C4E0C41F23B585007291C5 /* AppDelegate.swift */,
				07C4E0C61F23B585007291C5 /* ViewController.swift */,
				07C4E0C81F23B585007291C5 /* Main.storyboard */,
				07C4E0CB1F23B585007291C5 /* Assets.xcassets */,
				07C4E0CD1F23B585007291C5 /* LaunchScreen.storyboard */,
				07C4E0D01F23B585007291C5 /* Info.plist */,
				073FC8E21F23C1CC002408AB /* GoogleService-Info.plist */,
				073FC8DC1F23BB0A002408AB /* MessageTableViewCell.swift */,
				073FC8DE1F23BE61002408AB /* Message.swift */,
				073FC8E01F23C000002408AB /* DataService.swift */,
			);
			path = FireBaseSortData;
			sourceTree = "<group>";
		};
		275C1CDC95F21F36FF9BA37F /* Frameworks */ = {
			isa = PBXGroup;
			children = (
				642A8716B84A0E2241CB98C1 /* Pods_FireBaseSortData.framework */,
			);
			name = Frameworks;
			sourceTree = "<group>";
		};
		94D4775E87A6735470080C4B /* Pods */ = {
			isa = PBXGroup;
			children = (
				BD58A22474333BB2288BCAFB /* Pods-FireBaseSortData.debug.xcconfig */,
				26C1F48E59C52E174852C832 /* Pods-FireBaseSortData.release.xcconfig */,
			);
			name = Pods;
			sourceTree = "<group>";
		};
/* End PBXGroup section */

/* Begin PBXNativeTarget section */
		07C4E0C01F23B585007291C5 /* FireBaseSortData */ = {
			isa = PBXNativeTarget;
			buildConfigurationList = 07C4E0D31F23B585007291C5 /* Build configuration list for PBXNativeTarget "FireBaseSortData" */;
			buildPhases = (
				40C65DF63DCB154EA5AEE29E /* [CP] Check Pods Manifest.lock */,
				07C4E0BD1F23B585007291C5 /* Sources */,
				07C4E0BE1F23B585007291C5 /* Frameworks */,
				07C4E0BF1F23B585007291C5 /* Resources */,
				562B37355A7CB2249F121168 /* [CP] Embed Pods Frameworks */,
				B5DD4CCBCE7050864B6BBA39 /* [CP] Copy Pods Resources */,
			);
			buildRules = (
			);
			dependencies = (
			);
			name = FireBaseSortData;
			productName = FireBaseSortData;
			productReference = 07C4E0C11F23B585007291C5 /* FireBaseSortData.app */;
			productType = "com.apple.product-type.application";
		};
/* End PBXNativeTarget section */

/* Begin PBXProject section */
		07C4E0B91F23B584007291C5 /* Project object */ = {
			isa = PBXProject;
			attributes = {
				LastSwiftUpdateCheck = 0830;
				LastUpgradeCheck = 0830;
				ORGANIZATIONNAME = "Erblin Berisha";
				TargetAttributes = {
					07C4E0C01F23B585007291C5 = {
						CreatedOnToolsVersion = 8.3.3;
						DevelopmentTeam = CG7B5K87R2;
						ProvisioningStyle = Automatic;
					};
				};
			};
			buildConfigurationList = 07C4E0BC1F23B584007291C5 /* Build configuration list for PBXProject "FireBaseSortData" */;
			compatibilityVersion = "Xcode 3.2";
			developmentRegion = English;
			hasScannedForEncodings = 0;
			knownRegions = (
				en,
				Base,
			);
			mainGroup = 07C4E0B81F23B584007291C5;
			productRefGroup = 07C4E0C21F23B585007291C5 /* Products */;
			projectDirPath = "";
			projectRoot = "";
			targets = (
				07C4E0C01F23B585007291C5 /* FireBaseSortData */,
			);
		};
/* End PBXProject section */

/* Begin PBXResourcesBuildPhase section */
		07C4E0BF1F23B585007291C5 /* Resources */ = {
			isa = PBXResourcesBuildPhase;
			buildActionMask = 2147483647;
			files = (
				07C4E0CF1F23B585007291C5 /* LaunchScreen.storyboard in Resources */,
				073FC8E31F23C1CC002408AB /* GoogleService-Info.plist in Resources */,
				07C4E0CC1F23B585007291C5 /* Assets.xcassets in Resources */,
				07C4E0CA1F23B585007291C5 /* Main.storyboard in Resources */,
			);
			runOnlyForDeploymentPostprocessing = 0;
		};
/* End PBXResourcesBuildPhase section */

/* Begin PBXShellScriptBuildPhase section */
		40C65DF63DCB154EA5AEE29E /* [CP] Check Pods Manifest.lock */ = {
			isa = PBXShellScriptBuildPhase;
			buildActionMask = 2147483647;
			files = (
			);
			inputPaths = (
			);
			name = "[CP] Check Pods Manifest.lock";
			outputPaths = (
			);
			runOnlyForDeploymentPostprocessing = 0;
			shellPath = /bin/sh;
			shellScript = "diff \"${PODS_PODFILE_DIR_PATH}/Podfile.lock\" \"${PODS_ROOT}/Manifest.lock\" > /dev/null\nif [ $? != 0 ] ; then\n    # print error to STDERR\n    echo \"error: The sandbox is not in sync with the Podfile.lock. Run 'pod install' or update your CocoaPods installation.\" >&2\n    exit 1\nfi\n";
			showEnvVarsInLog = 0;
		};
		562B37355A7CB2249F121168 /* [CP] Embed Pods Frameworks */ = {
			isa = PBXShellScriptBuildPhase;
			buildActionMask = 2147483647;
			files = (
			);
			inputPaths = (
			);
			name = "[CP] Embed Pods Frameworks";
			outputPaths = (
			);
			runOnlyForDeploymentPostprocessing = 0;
			shellPath = /bin/sh;
			shellScript = "\"${SRCROOT}/Pods/Target Support Files/Pods-FireBaseSortData/Pods-FireBaseSortData-frameworks.sh\"\n";
			showEnvVarsInLog = 0;
		};
		B5DD4CCBCE7050864B6BBA39 /* [CP] Copy Pods Resources */ = {
			isa = PBXShellScriptBuildPhase;
			buildActionMask = 2147483647;
			files = (
			);
			inputPaths = (
			);
			name = "[CP] Copy Pods Resources";
			outputPaths = (
			);
			runOnlyForDeploymentPostprocessing = 0;
			shellPath = /bin/sh;
			shellScript = "\"${SRCROOT}/Pods/Target Support Files/Pods-FireBaseSortData/Pods-FireBaseSortData-resources.sh\"\n";
			showEnvVarsInLog = 0;
		};
/* End PBXShellScriptBuildPhase section */

/* Begin PBXSourcesBuildPhase section */
		07C4E0BD1F23B585007291C5 /* Sources */ = {
			isa = PBXSourcesBuildPhase;
			buildActionMask = 2147483647;
			files = (
				07C4E0C71F23B585007291C5 /* ViewController.swift in Sources */,
				073FC8DF1F23BE61002408AB /* Message.swift in Sources */,
				07C4E0C51F23B585007291C5 /* AppDelegate.swift in Sources */,
				073FC8DD1F23BB0A002408AB /* MessageTableViewCell.swift in Sources */,
				073FC8E11F23C000002408AB /* DataService.swift in Sources */,
			);
			runOnlyForDeploymentPostprocessing = 0;
		};
/* End PBXSourcesBuildPhase section */

/* Begin PBXVariantGroup section */
		07C4E0C81F23B585007291C5 /* Main.storyboard */ = {
			isa = PBXVariantGroup;
			children = (
				07C4E0C91F23B585007291C5 /* Base */,
			);
			name = Main.storyboard;
			sourceTree = "<group>";
		};
		07C4E0CD1F23B585007291C5 /* LaunchScreen.storyboard */ = {
			isa = PBXVariantGroup;
			children = (
				07C4E0CE1F23B585007291C5 /* Base */,
			);
			name = LaunchScreen.storyboard;
			sourceTree = "<group>";
		};
/* End PBXVariantGroup section */

/* Begin XCBuildConfiguration section */
		07C4E0D11F23B585007291C5 /* Debug */ = {
			isa = XCBuildConfiguration;
			buildSettings = {
				ALWAYS_SEARCH_USER_PATHS = NO;
				CLANG_ANALYZER_NONNULL = YES;
				CLANG_ANALYZER_NUMBER_OBJECT_CONVERSION = YES_AGGRESSIVE;
				CLANG_CXX_LANGUAGE_STANDARD = "gnu++0x";
				CLANG_CXX_LIBRARY = "libc++";
				CLANG_ENABLE_MODULES = YES;
				CLANG_ENABLE_OBJC_ARC = YES;
				CLANG_WARN_BOOL_CONVERSION = YES;
				CLANG_WARN_CONSTANT_CONVERSION = YES;
				CLANG_WARN_DIRECT_OBJC_ISA_USAGE = YES_ERROR;
				CLANG_WARN_DOCUMENTATION_COMMENTS = YES;
				CLANG_WARN_EMPTY_BODY = YES;
				CLANG_WARN_ENUM_CONVERSION = YES;
				CLANG_WARN_INFINITE_RECURSION = YES;
				CLANG_WARN_INT_CONVERSION = YES;
				CLANG_WARN_OBJC_ROOT_CLASS = YES_ERROR;
				CLANG_WARN_SUSPICIOUS_MOVE = YES;
				CLANG_WARN_UNREACHABLE_CODE = YES;
				CLANG_WARN__DUPLICATE_METHOD_MATCH = YES;
				"CODE_SIGN_IDENTITY[sdk=iphoneos*]" = "iPhone Developer";
				COPY_PHASE_STRIP = NO;
				DEBUG_INFORMATION_FORMAT = dwarf;
				ENABLE_STRICT_OBJC_MSGSEND = YES;
				ENABLE_TESTABILITY = YES;
				GCC_C_LANGUAGE_STANDARD = gnu99;
				GCC_DYNAMIC_NO_PIC = NO;
				GCC_NO_COMMON_BLOCKS = YES;
				GCC_OPTIMIZATION_LEVEL = 0;
				GCC_PREPROCESSOR_DEFINITIONS = (
					"DEBUG=1",
					"$(inherited)",
				);
				GCC_WARN_64_TO_32_BIT_CONVERSION = YES;
				GCC_WARN_ABOUT_RETURN_TYPE = YES_ERROR;
				GCC_WARN_UNDECLARED_SELECTOR = YES;
				GCC_WARN_UNINITIALIZED_AUTOS = YES_AGGRESSIVE;
				GCC_WARN_UNUSED_FUNCTION = YES;
				GCC_WARN_UNUSED_VARIABLE = YES;
				IPHONEOS_DEPLOYMENT_TARGET = 10.3;
				MTL_ENABLE_DEBUG_INFO = YES;
				ONLY_ACTIVE_ARCH = YES;
				SDKROOT = iphoneos;
				SWIFT_ACTIVE_COMPILATION_CONDITIONS = DEBUG;
				SWIFT_OPTIMIZATION_LEVEL = "-Onone";
				TARGETED_DEVICE_FAMILY = "1,2";
			};
			name = Debug;
		};
		07C4E0D21F23B585007291C5 /* Release */ = {
			isa = XCBuildConfiguration;
			buildSettings = {
				ALWAYS_SEARCH_USER_PATHS = NO;
				CLANG_ANALYZER_NONNULL = YES;
				CLANG_ANALYZER_NUMBER_OBJECT_CONVERSION = YES_AGGRESSIVE;
				CLANG_CXX_LANGUAGE_STANDARD = "gnu++0x";
				CLANG_CXX_LIBRARY = "libc++";
				CLANG_ENABLE_MODULES = YES;
				CLANG_ENABLE_OBJC_ARC = YES;
				CLANG_WARN_BOOL_CONVERSION = YES;
				CLANG_WARN_CONSTANT_CONVERSION = YES;
				CLANG_WARN_DIRECT_OBJC_ISA_USAGE = YES_ERROR;
				CLANG_WARN_DOCUMENTATION_COMMENTS = YES;
				CLANG_WARN_EMPTY_BODY = YES;
				CLANG_WARN_ENUM_CONVERSION = YES;
				CLANG_WARN_INFINITE_RECURSION = YES;
				CLANG_WARN_INT_CONVERSION = YES;
				CLANG_WARN_OBJC_ROOT_CLASS = YES_ERROR;
				CLANG_WARN_SUSPICIOUS_MOVE = YES;
				CLANG_WARN_UNREACHABLE_CODE = YES;
				CLANG_WARN__DUPLICATE_METHOD_MATCH = YES;
				"CODE_SIGN_IDENTITY[sdk=iphoneos*]" = "iPhone Developer";
				COPY_PHASE_STRIP = NO;
				DEBUG_INFORMATION_FORMAT = "dwarf-with-dsym";
				ENABLE_NS_ASSERTIONS = NO;
				ENABLE_STRICT_OBJC_MSGSEND = YES;
				GCC_C_LANGUAGE_STANDARD = gnu99;
				GCC_NO_COMMON_BLOCKS = YES;
				GCC_WARN_64_TO_32_BIT_CONVERSION = YES;
				GCC_WARN_ABOUT_RETURN_TYPE = YES_ERROR;
				GCC_WARN_UNDECLARED_SELECTOR = YES;
				GCC_WARN_UNINITIALIZED_AUTOS = YES_AGGRESSIVE;
				GCC_WARN_UNUSED_FUNCTION = YES;
				GCC_WARN_UNUSED_VARIABLE = YES;
				IPHONEOS_DEPLOYMENT_TARGET = 10.3;
				MTL_ENABLE_DEBUG_INFO = NO;
				SDKROOT = iphoneos;
				SWIFT_OPTIMIZATION_LEVEL = "-Owholemodule";
				TARGETED_DEVICE_FAMILY = "1,2";
				VALIDATE_PRODUCT = YES;
			};
			name = Release;
		};
		07C4E0D41F23B585007291C5 /* Debug */ = {
			isa = XCBuildConfiguration;
			baseConfigurationReference = BD58A22474333BB2288BCAFB /* Pods-FireBaseSortData.debug.xcconfig */;
			buildSettings = {
				ASSETCATALOG_COMPILER_APPICON_NAME = AppIcon;
				DEVELOPMENT_TEAM = CG7B5K87R2;
				INFOPLIST_FILE = FireBaseSortData/Info.plist;
				LD_RUNPATH_SEARCH_PATHS = "$(inherited) @executable_path/Frameworks";
				PRODUCT_BUNDLE_IDENTIFIER = com.berishaerblin.FireBaseSortData;
				PRODUCT_NAME = "$(TARGET_NAME)";
				SWIFT_VERSION = 3.0;
			};
			name = Debug;
		};
		07C4E0D51F23B585007291C5 /* Release */ = {
			isa = XCBuildConfiguration;
			baseConfigurationReference = 26C1F48E59C52E174852C832 /* Pods-FireBaseSortData.release.xcconfig */;
			buildSettings = {
				ASSETCATALOG_COMPILER_APPICON_NAME = AppIcon;
				DEVELOPMENT_TEAM = CG7B5K87R2;
				INFOPLIST_FILE = FireBaseSortData/Info.plist;
				LD_RUNPATH_SEARCH_PATHS = "$(inherited) @executable_path/Frameworks";
				PRODUCT_BUNDLE_IDENTIFIER = com.berishaerblin.FireBaseSortData;
				PRODUCT_NAME = "$(TARGET_NAME)";
				SWIFT_VERSION = 3.0;
			};
			name = Release;
		};
/* End XCBuildConfiguration section */

/* Begin XCConfigurationList section */
		07C4E0BC1F23B584007291C5 /* Build configuration list for PBXProject "FireBaseSortData" */ = {
			isa = XCConfigurationList;
			buildConfigurations = (
				07C4E0D11F23B585007291C5 /* Debug */,
				07C4E0D21F23B585007291C5 /* Release */,
			);
			defaultConfigurationIsVisible = 0;
			defaultConfigurationName = Release;
		};
		07C4E0D31F23B585007291C5 /* Build configuration list for PBXNativeTarget "FireBaseSortData" */ = {
			isa = XCConfigurationList;
			buildConfigurations = (
				07C4E0D41F23B585007291C5 /* Debug */,
				07C4E0D51F23B585007291C5 /* Release */,
			);
			defaultConfigurationIsVisible = 0;
			defaultConfigurationName = Release;
		};
/* End XCConfigurationList section */
	};
	rootObject = 07C4E0B91F23B584007291C5 /* Project object */;
}
